
Microsoft Visual Studio Solution File, Format Version 12.00
# Visual Studio Version 17
VisualStudioVersion = 17.0.31903.59
MinimumVisualStudioVersion = 10.0.40219.1
Project("{FAE04EC0-301F-11D3-BF4B-00C04F79EFBC}") = "Beer.Core", "Beer.Core\Beer.Core.csproj", "{DF0A77C0-7814-4451-9B0F-63F89B98587D}"
EndProject
Project("{FAE04EC0-301F-11D3-BF4B-00C04F79EFBC}") = "Beer.Contracts", "Beer.Contracts\Beer.Contracts.csproj", "{2C34D2CC-4668-4D53-97E9-864628AEA108}"
EndProject
Global
	GlobalSection(SolutionConfigurationPlatforms) = preSolution
		Debug|Any CPU = Debug|Any CPU
		Release|Any CPU = Release|Any CPU
	EndGlobalSection
	GlobalSection(ProjectConfigurationPlatforms) = postSolution
		{DF0A77C0-7814-4451-9B0F-63F89B98587D}.Debug|Any CPU.ActiveCfg = Debug|Any CPU
		{DF0A77C0-7814-4451-9B0F-63F89B98587D}.Debug|Any CPU.Build.0 = Debug|Any CPU
		{DF0A77C0-7814-4451-9B0F-63F89B98587D}.Release|Any CPU.ActiveCfg = Release|Any CPU
		{DF0A77C0-7814-4451-9B0F-63F89B98587D}.Release|Any CPU.Build.0 = Release|Any CPU
		{2C34D2CC-4668-4D53-97E9-864628AEA108}.Debug|Any CPU.ActiveCfg = Debug|Any CPU
		{2C34D2CC-4668-4D53-97E9-864628AEA108}.Debug|Any CPU.Build.0 = Debug|Any CPU
		{2C34D2CC-4668-4D53-97E9-864628AEA108}.Release|Any CPU.ActiveCfg = Release|Any CPU
		{2C34D2CC-4668-4D53-97E9-864628AEA108}.Release|Any CPU.Build.0 = Release|Any CPU
	EndGlobalSection
	GlobalSection(SolutionProperties) = preSolution
		HideSolutionNode = FALSE
	EndGlobalSection
	GlobalSection(ExtensibilityGlobals) = postSolution
		SolutionGuid = {6DCE74DA-B436-4972-AC69-33A125CD79EE}
	EndGlobalSection
EndGlobal
